
Microsoft Visual Studio Solution File, Format Version 12.00
# Visual Studio 2013
VisualStudioVersion = 12.0.40629.0
MinimumVisualStudioVersion = 10.0.40219.1
Project("{FAE04EC0-301F-11D3-BF4B-00C04F79EFBC}") = "FaTool.Web", "src\FaTool.Web\FaTool.Web.csproj", "{F4F0B434-F2FE-4EAE-A319-B06A346F459F}"
EndProject
Project("{FAE04EC0-301F-11D3-BF4B-00C04F79EFBC}") = "FaTool.Db", "src\FaTool.Db\FaTool.Db.csproj", "{40513BB2-BDB9-46B2-98E9-0417FA9C4238}"
EndProject
Project("{FAE04EC0-301F-11D3-BF4B-00C04F79EFBC}") = "FaTool.Web.Membership", "src\FaTool.Web.Membership\FaTool.Web.Membership.csproj", "{D0566BAA-B3B4-4CE7-AC43-8239A0D57107}"
EndProject
Global
	GlobalSection(SolutionConfigurationPlatforms) = preSolution
		Debug|Any CPU = Debug|Any CPU
		Release|Any CPU = Release|Any CPU
	EndGlobalSection
	GlobalSection(ProjectConfigurationPlatforms) = postSolution
		{F4F0B434-F2FE-4EAE-A319-B06A346F459F}.Debug|Any CPU.ActiveCfg = Debug|Any CPU
		{F4F0B434-F2FE-4EAE-A319-B06A346F459F}.Debug|Any CPU.Build.0 = Debug|Any CPU
		{F4F0B434-F2FE-4EAE-A319-B06A346F459F}.Release|Any CPU.ActiveCfg = Release|Any CPU
		{F4F0B434-F2FE-4EAE-A319-B06A346F459F}.Release|Any CPU.Build.0 = Release|Any CPU
		{40513BB2-BDB9-46B2-98E9-0417FA9C4238}.Debug|Any CPU.ActiveCfg = Debug|Any CPU
		{40513BB2-BDB9-46B2-98E9-0417FA9C4238}.Debug|Any CPU.Build.0 = Debug|Any CPU
		{40513BB2-BDB9-46B2-98E9-0417FA9C4238}.Release|Any CPU.ActiveCfg = Release|Any CPU
		{40513BB2-BDB9-46B2-98E9-0417FA9C4238}.Release|Any CPU.Build.0 = Release|Any CPU
		{D0566BAA-B3B4-4CE7-AC43-8239A0D57107}.Debug|Any CPU.ActiveCfg = Debug|Any CPU
		{D0566BAA-B3B4-4CE7-AC43-8239A0D57107}.Debug|Any CPU.Build.0 = Debug|Any CPU
		{D0566BAA-B3B4-4CE7-AC43-8239A0D57107}.Release|Any CPU.ActiveCfg = Release|Any CPU
		{D0566BAA-B3B4-4CE7-AC43-8239A0D57107}.Release|Any CPU.Build.0 = Release|Any CPU
	EndGlobalSection
	GlobalSection(SolutionProperties) = preSolution
		HideSolutionNode = FALSE
	EndGlobalSection
EndGlobal
